
Microsoft Visual Studio Solution File, Format Version 12.00
# Visual Studio Version 17
VisualStudioVersion = 17.3.32819.101
MinimumVisualStudioVersion = 10.0.40219.1
Project("{8BC9CEB8-8B4A-11D0-8D11-00A0C91BC942}") = "Life After School GUI", "Life After School GUI.vcxproj", "{A3378E76-E6B7-4C27-8DE0-62BB5753D25C}"
EndProject
Global
	GlobalSection(SolutionConfigurationPlatforms) = preSolution
		Debug|x64 = Debug|x64
		Release|x64 = Release|x64
	EndGlobalSection
	GlobalSection(ProjectConfigurationPlatforms) = postSolution
		{A3378E76-E6B7-4C27-8DE0-62BB5753D25C}.Debug|x64.ActiveCfg = Debug|x64
		{A3378E76-E6B7-4C27-8DE0-62BB5753D25C}.Debug|x64.Build.0 = Debug|x64
		{A3378E76-E6B7-4C27-8DE0-62BB5753D25C}.Release|x64.ActiveCfg = Release|x64
		{A3378E76-E6B7-4C27-8DE0-62BB5753D25C}.Release|x64.Build.0 = Release|x64
	EndGlobalSection
	GlobalSection(SolutionProperties) = preSolution
		HideSolutionNode = FALSE
	EndGlobalSection
	GlobalSection(ExtensibilityGlobals) = postSolution
		SolutionGuid = {740E4E17-20F8-4FE7-BFCC-AA0EC294C7EA}
	EndGlobalSection
EndGlobal
